
Microsoft Visual Studio Solution File, Format Version 12.00
# Visual Studio Version 16
VisualStudioVersion = 16.0.30804.86
MinimumVisualStudioVersion = 10.0.40219.1
Project("{FAE04EC0-301F-11D3-BF4B-00C04F79EFBC}") = "SmartSUB_Remote_Monitor.Android", "SmartSUB_Remote_Monitor\SmartSUB_Remote_Monitor.Android\SmartSUB_Remote_Monitor.Android.csproj", "{65C8C4E1-3E5A-4553-AD67-C2654474F04E}"
EndProject
Project("{FAE04EC0-301F-11D3-BF4B-00C04F79EFBC}") = "SmartSUB_Remote_Monitor.iOS", "SmartSUB_Remote_Monitor\SmartSUB_Remote_Monitor.iOS\SmartSUB_Remote_Monitor.iOS.csproj", "{9B84C6AF-0272-4D64-8B71-91A4917E4C18}"
EndProject
Project("{9A19103F-16F7-4668-BE54-9A1E7A4F7556}") = "SmartSUB_Remote_Monitor", "SmartSUB_Remote_Monitor\SmartSUB_Remote_Monitor\SmartSUB_Remote_Monitor.csproj", "{D0E269B6-585B-4523-839A-39907FDB7FDF}"
EndProject
Project("{FAE04EC0-301F-11D3-BF4B-00C04F79EFBC}") = "SmartSUB_Remote_Monitor.UnitTests", "SmartSUB_Remote_Monitor.UnitTests\SmartSUB_Remote_Monitor.UnitTests.csproj", "{48FEEEE5-8E3C-4EAA-9588-CBCEDFA7A24B}"
Global
	GlobalSection(SolutionConfigurationPlatforms) = preSolution
		Debug|Any CPU = Debug|Any CPU
		Debug|iPhone = Debug|iPhone
		Debug|iPhoneSimulator = Debug|iPhoneSimulator
		Release|Any CPU = Release|Any CPU
		Release|iPhone = Release|iPhone
		Release|iPhoneSimulator = Release|iPhoneSimulator
	EndGlobalSection
	GlobalSection(ProjectConfigurationPlatforms) = postSolution
		{65C8C4E1-3E5A-4553-AD67-C2654474F04E}.Debug|Any CPU.ActiveCfg = Debug|Any CPU
		{65C8C4E1-3E5A-4553-AD67-C2654474F04E}.Debug|Any CPU.Build.0 = Debug|Any CPU
		{65C8C4E1-3E5A-4553-AD67-C2654474F04E}.Debug|Any CPU.Deploy.0 = Debug|Any CPU
		{65C8C4E1-3E5A-4553-AD67-C2654474F04E}.Debug|iPhone.ActiveCfg = Debug|Any CPU
		{65C8C4E1-3E5A-4553-AD67-C2654474F04E}.Debug|iPhone.Build.0 = Debug|Any CPU
		{65C8C4E1-3E5A-4553-AD67-C2654474F04E}.Debug|iPhone.Deploy.0 = Debug|Any CPU
		{65C8C4E1-3E5A-4553-AD67-C2654474F04E}.Debug|iPhoneSimulator.ActiveCfg = Debug|Any CPU
		{65C8C4E1-3E5A-4553-AD67-C2654474F04E}.Debug|iPhoneSimulator.Build.0 = Debug|Any CPU
		{65C8C4E1-3E5A-4553-AD67-C2654474F04E}.Debug|iPhoneSimulator.Deploy.0 = Debug|Any CPU
		{65C8C4E1-3E5A-4553-AD67-C2654474F04E}.Release|Any CPU.ActiveCfg = Release|Any CPU
		{65C8C4E1-3E5A-4553-AD67-C2654474F04E}.Release|Any CPU.Build.0 = Release|Any CPU
		{65C8C4E1-3E5A-4553-AD67-C2654474F04E}.Release|Any CPU.Deploy.0 = Release|Any CPU
		{65C8C4E1-3E5A-4553-AD67-C2654474F04E}.Release|iPhone.ActiveCfg = Release|Any CPU
		{65C8C4E1-3E5A-4553-AD67-C2654474F04E}.Release|iPhone.Build.0 = Release|Any CPU
		{65C8C4E1-3E5A-4553-AD67-C2654474F04E}.Release|iPhone.Deploy.0 = Release|Any CPU
		{65C8C4E1-3E5A-4553-AD67-C2654474F04E}.Release|iPhoneSimulator.ActiveCfg = Release|Any CPU
		{65C8C4E1-3E5A-4553-AD67-C2654474F04E}.Release|iPhoneSimulator.Build.0 = Release|Any CPU
		{65C8C4E1-3E5A-4553-AD67-C2654474F04E}.Release|iPhoneSimulator.Deploy.0 = Release|Any CPU
		{9B84C6AF-0272-4D64-8B71-91A4917E4C18}.Debug|Any CPU.ActiveCfg = Debug|iPhone
		{9B84C6AF-0272-4D64-8B71-91A4917E4C18}.Debug|Any CPU.Build.0 = Debug|iPhone
		{9B84C6AF-0272-4D64-8B71-91A4917E4C18}.Debug|Any CPU.Deploy.0 = Debug|iPhone
		{9B84C6AF-0272-4D64-8B71-91A4917E4C18}.Debug|iPhone.ActiveCfg = Debug|iPhone
		{9B84C6AF-0272-4D64-8B71-91A4917E4C18}.Debug|iPhone.Build.0 = Debug|iPhone
		{9B84C6AF-0272-4D64-8B71-91A4917E4C18}.Debug|iPhone.Deploy.0 = Debug|iPhone
		{9B84C6AF-0272-4D64-8B71-91A4917E4C18}.Debug|iPhoneSimulator.ActiveCfg = Debug|iPhoneSimulator
		{9B84C6AF-0272-4D64-8B71-91A4917E4C18}.Debug|iPhoneSimulator.Build.0 = Debug|iPhoneSimulator
		{9B84C6AF-0272-4D64-8B71-91A4917E4C18}.Debug|iPhoneSimulator.Deploy.0 = Debug|iPhoneSimulator
		{9B84C6AF-0272-4D64-8B71-91A4917E4C18}.Release|Any CPU.ActiveCfg = Release|iPhoneSimulator
		{9B84C6AF-0272-4D64-8B71-91A4917E4C18}.Release|Any CPU.Build.0 = Release|iPhoneSimulator
		{9B84C6AF-0272-4D64-8B71-91A4917E4C18}.Release|Any CPU.Deploy.0 = Release|iPhoneSimulator
		{9B84C6AF-0272-4D64-8B71-91A4917E4C18}.Release|iPhone.ActiveCfg = Release|iPhone
		{9B84C6AF-0272-4D64-8B71-91A4917E4C18}.Release|iPhone.Build.0 = Release|iPhone
		{9B84C6AF-0272-4D64-8B71-91A4917E4C18}.Release|iPhone.Deploy.0 = Release|iPhone
		{9B84C6AF-0272-4D64-8B71-91A4917E4C18}.Release|iPhoneSimulator.ActiveCfg = Release|iPhoneSimulator
		{9B84C6AF-0272-4D64-8B71-91A4917E4C18}.Release|iPhoneSimulator.Build.0 = Release|iPhoneSimulator
		{9B84C6AF-0272-4D64-8B71-91A4917E4C18}.Release|iPhoneSimulator.Deploy.0 = Release|iPhoneSimulator
		{D0E269B6-585B-4523-839A-39907FDB7FDF}.Debug|Any CPU.ActiveCfg = Debug|Any CPU
		{D0E269B6-585B-4523-839A-39907FDB7FDF}.Debug|Any CPU.Build.0 = Debug|Any CPU
		{D0E269B6-585B-4523-839A-39907FDB7FDF}.Debug|Any CPU.Deploy.0 = Debug|Any CPU
		{D0E269B6-585B-4523-839A-39907FDB7FDF}.Debug|iPhone.ActiveCfg = Debug|Any CPU
		{D0E269B6-585B-4523-839A-39907FDB7FDF}.Debug|iPhone.Build.0 = Debug|Any CPU
		{D0E269B6-585B-4523-839A-39907FDB7FDF}.Debug|iPhone.Deploy.0 = Debug|Any CPU
		{D0E269B6-585B-4523-839A-39907FDB7FDF}.Debug|iPhoneSimulator.ActiveCfg = Debug|Any CPU
		{D0E269B6-585B-4523-839A-39907FDB7FDF}.Debug|iPhoneSimulator.Build.0 = Debug|Any CPU
		{D0E269B6-585B-4523-839A-39907FDB7FDF}.Debug|iPhoneSimulator.Deploy.0 = Debug|Any CPU
		{D0E269B6-585B-4523-839A-39907FDB7FDF}.Release|Any CPU.ActiveCfg = Release|Any CPU
		{D0E269B6-585B-4523-839A-39907FDB7FDF}.Release|Any CPU.Build.0 = Release|Any CPU
		{D0E269B6-585B-4523-839A-39907FDB7FDF}.Release|Any CPU.Deploy.0 = Release|Any CPU
		{D0E269B6-585B-4523-839A-39907FDB7FDF}.Release|iPhone.ActiveCfg = Release|Any CPU
		{D0E269B6-585B-4523-839A-39907FDB7FDF}.Release|iPhone.Build.0 = Release|Any CPU
		{D0E269B6-585B-4523-839A-39907FDB7FDF}.Release|iPhone.Deploy.0 = Release|Any CPU
		{D0E269B6-585B-4523-839A-39907FDB7FDF}.Release|iPhoneSimulator.ActiveCfg = Release|Any CPU
		{D0E269B6-585B-4523-839A-39907FDB7FDF}.Release|iPhoneSimulator.Build.0 = Release|Any CPU
		{D0E269B6-585B-4523-839A-39907FDB7FDF}.Release|iPhoneSimulator.Deploy.0 = Release|Any CPU
		{48FEEEE5-8E3C-4EAA-9588-CBCEDFA7A24B}.Debug|Any CPU.ActiveCfg = Debug|Any CPU
		{48FEEEE5-8E3C-4EAA-9588-CBCEDFA7A24B}.Debug|Any CPU.Build.0 = Debug|Any CPU
		{48FEEEE5-8E3C-4EAA-9588-CBCEDFA7A24B}.Debug|iPhone.ActiveCfg = Debug|Any CPU
		{48FEEEE5-8E3C-4EAA-9588-CBCEDFA7A24B}.Debug|iPhone.Build.0 = Debug|Any CPU
		{48FEEEE5-8E3C-4EAA-9588-CBCEDFA7A24B}.Debug|iPhoneSimulator.ActiveCfg = Debug|Any CPU
		{48FEEEE5-8E3C-4EAA-9588-CBCEDFA7A24B}.Debug|iPhoneSimulator.Build.0 = Debug|Any CPU
		{48FEEEE5-8E3C-4EAA-9588-CBCEDFA7A24B}.Release|Any CPU.ActiveCfg = Release|Any CPU
		{48FEEEE5-8E3C-4EAA-9588-CBCEDFA7A24B}.Release|Any CPU.Build.0 = Release|Any CPU
		{48FEEEE5-8E3C-4EAA-9588-CBCEDFA7A24B}.Release|iPhone.ActiveCfg = Release|Any CPU
		{48FEEEE5-8E3C-4EAA-9588-CBCEDFA7A24B}.Release|iPhone.Build.0 = Release|Any CPU
		{48FEEEE5-8E3C-4EAA-9588-CBCEDFA7A24B}.Release|iPhoneSimulator.ActiveCfg = Release|Any CPU
		{48FEEEE5-8E3C-4EAA-9588-CBCEDFA7A24B}.Release|iPhoneSimulator.Build.0 = Release|Any CPU
	EndGlobalSection
	GlobalSection(SolutionProperties) = preSolution
		HideSolutionNode = FALSE
	EndGlobalSection
	GlobalSection(ExtensibilityGlobals) = postSolution
		SolutionGuid = {FB55BEC5-F348-4FDA-9D79-E704261A16BB}
	EndGlobalSection
EndGlobal
